# THIS IS AN AUTOGENERATED FILE. DO NOT EDIT THIS FILE DIRECTLY.
# yarn lockfile v1


chalk@^6.0.0:
  version "6.0.1"
  resolved "https://registry.yarnpkg.com/chalk/-/chalk-6.0.1.tgz#077d4667ad6e608c9687782caed3d534d7f9abc3"
  integrity sha512-/Ce6KNm3vIbWdMlNna6RVIZ/ICQxnJxCicet5LBKK9ZffBkqzDw0xh9EiKSljdRtiIQ1S1z4YgcscUUGzNCWrA==
